{
  "version": 4,
  "terraform_version": "1.12.2",
  "serial": 299,
  "lineage": "d42b9b57-1e6a-0918-cb2b-767e947cbb67",
  "outputs": {
    "application_urls": {
      "value": {
        "backend_api": "http://3.234.121.117:8000",
        "frontend_dev": "http://3.234.121.117:3000",
        "http_domain": "Configure domain in Route 53",
        "https_domain": "Configure domain in Route 53"
      },
      "type": [
        "object",
        {
          "backend_api": "string",
          "frontend_dev": "string",
          "http_domain": "string",
          "https_domain": "string"
        }
      ]
    },
    "database_secret_arn": {
      "value": "arn:aws:secretsmanager:us-east-1:421433934085:secret:rds!db-2dd61f47-b370-4394-8794-76187c59d277-6ZqH7v",
      "type": "string",
      "sensitive": true
    },
    "deployment_info": {
      "value": {
        "step_1": "SSH to server: ssh -i ~/.ssh/job-platform-key ubuntu@3.234.121.117",
        "step_2": "Check Docker status: sudo systemctl status docker",
        "step_3": "Navigate to app: cd /opt/job-platform",
        "step_4": "Start services: sudo docker-compose up -d",
        "step_5": "Check logs: sudo docker-compose logs -f",
        "step_6": "Setup SSL: sudo certbot --nginx -d your-domain.com"
      },
      "type": [
        "object",
        {
          "step_1": "string",
          "step_2": "string",
          "step_3": "string",
          "step_4": "string",
          "step_5": "string",
          "step_6": "string"
        }
      ]
    },
    "ec2_instance_id": {
      "value": "i-097a59cd18b21a0e3",
      "type": "string"
    },
    "ec2_public_dns": {
      "value": "ec2-3-234-121-117.compute-1.amazonaws.com",
      "type": "string"
    },
    "ec2_public_ip": {
      "value": "3.234.121.117",
      "type": "string"
    },
    "estimated_monthly_cost": {
      "value": {
        "data_transfer_1gb": "$0.00 (free tier)",
        "ebs_storage_30gb": "$3.00",
        "ec2_t3_micro": "$8.50 (after free tier)",
        "note": "Costs may vary based on usage and AWS pricing changes",
        "rds_t3_micro": "$13.50 (after free tier)",
        "route53_hosted_zone": "$0.50",
        "total_after_free_tier": "$25.50/month",
        "total_with_free_tier": "$3.50/month (first year)"
      },
      "type": [
        "object",
        {
          "data_transfer_1gb": "string",
          "ebs_storage_30gb": "string",
          "ec2_t3_micro": "string",
          "note": "string",
          "rds_t3_micro": "string",
          "route53_hosted_zone": "string",
          "total_after_free_tier": "string",
          "total_with_free_tier": "string"
        }
      ]
    },
    "private_subnet_ids": {
      "value": [
        "subnet-093f3f12f68882386",
        "subnet-03792e117ea915952"
      ],
      "type": [
        "tuple",
        [
          "string",
          "string"
        ]
      ]
    },
    "public_subnet_id": {
      "value": "subnet-0753236a97bf3d70c",
      "type": "string"
    },
    "rds_endpoint": {
      "value": "job-platform-db.cwdec2aoci4i.us-east-1.rds.amazonaws.com:5432",
      "type": "string"
    },
    "rds_port": {
      "value": 5432,
      "type": "number"
    },
    "route53_nameservers": {
      "value": [],
      "type": [
        "tuple",
        []
      ]
    },
    "security_group_app_id": {
      "value": "sg-0ec4c1c9832e5b49d",
      "type": "string"
    },
    "security_group_db_id": {
      "value": "sg-0a03bac9034dc8acd",
      "type": "string"
    },
    "ssh_command": {
      "value": "ssh -i ~/.ssh/job-platform-key ubuntu@3.234.121.117",
      "type": "string"
    },
    "vpc_id": {
      "value": "vpc-0f1e4e64be884297e",
      "type": "string"
    }
  },
  "resources": [
    {
      "mode": "data",
      "type": "aws_availability_zones",
      "name": "available",
      "provider": "provider[\"registry.terraform.io/hashicorp/aws\"]",
      "instances": [
        {
          "schema_version": 0,
          "attributes": {
            "all_availability_zones": null,
            "exclude_names": null,
            "exclude_zone_ids": null,
            "filter": null,
            "group_names": [
              "us-east-1-zg-1"
            ],
            "id": "us-east-1",
            "names": [
              "us-east-1a",
              "us-east-1b",
              "us-east-1c",
              "us-east-1d",
              "us-east-1e",
              "us-east-1f"
            ],
            "state": "available",
            "timeouts": null,
            "zone_ids": [
              "use1-az6",
              "use1-az1",
              "use1-az2",
              "use1-az4",
              "use1-az3",
              "use1-az5"
            ]
          },
          "sensitive_attributes": [],
          "identity_schema_version": 0
        }
      ]
    },
    {
      "mode": "managed",
      "type": "aws_db_instance",
      "name": "postgres",
      "provider": "provider[\"registry.terraform.io/hashicorp/aws\"]",
      "instances": [
        {
          "schema_version": 2,
          "attributes": {
            "address": "job-platform-db.cwdec2aoci4i.us-east-1.rds.amazonaws.com",
            "allocated_storage": 20,
            "allow_major_version_upgrade": null,
            "apply_immediately": false,
            "arn": "arn:aws:rds:us-east-1:421433934085:db:job-platform-db",
            "auto_minor_version_upgrade": true,
            "availability_zone": "us-east-1c",
            "backup_retention_period": 7,
            "backup_target": "region",
            "backup_window": "03:00-04:00",
            "blue_green_update": [],
            "ca_cert_identifier": "rds-ca-rsa2048-g1",
            "character_set_name": "",
            "copy_tags_to_snapshot": false,
            "custom_iam_instance_profile": "",
            "customer_owned_ip_enabled": false,
            "database_insights_mode": "standard",
            "db_name": "jobplatform",
            "db_subnet_group_name": "job-platform-db-subnet-group",
            "dedicated_log_volume": false,
            "delete_automated_backups": true,
            "deletion_protection": false,
            "domain": "",
            "domain_auth_secret_arn": "",
            "domain_dns_ips": [],
            "domain_fqdn": "",
            "domain_iam_role_name": "",
            "domain_ou": "",
            "enabled_cloudwatch_logs_exports": [],
            "endpoint": "job-platform-db.cwdec2aoci4i.us-east-1.rds.amazonaws.com:5432",
            "engine": "postgres",
            "engine_lifecycle_support": "open-source-rds-extended-support",
            "engine_version": "15.13",
            "engine_version_actual": "15.13",
            "final_snapshot_identifier": null,
            "hosted_zone_id": "Z2R2ITUGPM61AM",
            "iam_database_authentication_enabled": false,
            "id": "db-2ZHJZMDR2XOORVXWVWIUMKHR4U",
            "identifier": "job-platform-db",
            "identifier_prefix": "",
            "instance_class": "db.t3.micro",
            "iops": 0,
            "kms_key_id": "arn:aws:kms:us-east-1:421433934085:key/de38a1c7-99e5-4133-a494-3137b16ea694",
            "latest_restorable_time": "2025-08-15T16:44:33Z",
            "license_model": "postgresql-license",
            "listener_endpoint": [],
            "maintenance_window": "sun:04:00-sun:05:00",
            "manage_master_user_password": true,
            "master_user_secret": [
              {
                "kms_key_id": "arn:aws:kms:us-east-1:421433934085:key/de38a1c7-99e5-4133-a494-3137b16ea694",
                "secret_arn": "arn:aws:secretsmanager:us-east-1:421433934085:secret:rds!db-2dd61f47-b370-4394-8794-76187c59d277-6ZqH7v",
                "secret_status": "active"
              }
            ],
            "master_user_secret_kms_key_id": "de38a1c7-99e5-4133-a494-3137b16ea694",
            "max_allocated_storage": 100,
            "monitoring_interval": 0,
            "monitoring_role_arn": "",
            "multi_az": false,
            "nchar_character_set_name": "",
            "network_type": "IPV4",
            "option_group_name": "default:postgres-15",
            "parameter_group_name": "default.postgres15",
            "password": null,
            "password_wo": null,
            "password_wo_version": null,
            "performance_insights_enabled": false,
            "performance_insights_kms_key_id": "",
            "performance_insights_retention_period": 0,
            "port": 5432,
            "publicly_accessible": false,
            "replica_mode": "",
            "replicas": [],
            "replicate_source_db": "",
            "resource_id": "db-2ZHJZMDR2XOORVXWVWIUMKHR4U",
            "restore_to_point_in_time": [],
            "s3_import": [],
            "skip_final_snapshot": true,
            "snapshot_identifier": null,
            "status": "available",
            "storage_encrypted": true,
            "storage_throughput": 0,
            "storage_type": "gp2",
            "tags": {
              "Environment": "dev",
              "Name": "job-platform-database"
            },
            "tags_all": {
              "Environment": "dev",
              "Name": "job-platform-database"
            },
            "timeouts": null,
            "timezone": "",
            "upgrade_storage_config": null,
            "username": "dbadmin",
            "vpc_security_group_ids": [
              "sg-0a03bac9034dc8acd"
            ]
          },
          "sensitive_attributes": [
            [
              {
                "type": "get_attr",
                "value": "password"
              }
            ],
            [
              {
                "type": "get_attr",
                "value": "password_wo"
              }
            ]
          ],
          "identity_schema_version": 0,
          "private": "eyJlMmJmYjczMC1lY2FhLTExZTYtOGY4OC0zNDM2M2JjN2M0YzAiOnsiY3JlYXRlIjozMDAwMDAwMDAwMDAwLCJkZWxldGUiOjM2MDAwMDAwMDAwMDAsInVwZGF0ZSI6NDgwMDAwMDAwMDAwMH0sInNjaGVtYV92ZXJzaW9uIjoiMiJ9",
          "dependencies": [
            "aws_db_subnet_group.postgres",
            "aws_kms_key.secrets_manager",
            "aws_security_group.app_sg",
            "aws_security_group.db_sg",
            "aws_subnet.private",
            "aws_subnet.private_secondary",
            "aws_vpc.main",
            "data.aws_availability_zones.available"
          ]
        }
      ]
    },
    {
      "mode": "managed",
      "type": "aws_db_subnet_group",
      "name": "postgres",
      "provider": "provider[\"registry.terraform.io/hashicorp/aws\"]",
      "instances": [
        {
          "schema_version": 0,
          "attributes": {
            "arn": "arn:aws:rds:us-east-1:421433934085:subgrp:job-platform-db-subnet-group",
            "description": "Managed by Terraform",
            "id": "job-platform-db-subnet-group",
            "name": "job-platform-db-subnet-group",
            "name_prefix": "",
            "subnet_ids": [
              "subnet-03792e117ea915952",
              "subnet-093f3f12f68882386"
            ],
            "supported_network_types": [
              "IPV4"
            ],
            "tags": {
              "Environment": "dev",
              "Name": "job-platform-db-subnet-group"
            },
            "tags_all": {
              "Environment": "dev",
              "Name": "job-platform-db-subnet-group"
            },
            "vpc_id": "vpc-0f1e4e64be884297e"
          },
          "sensitive_attributes": [],
          "identity_schema_version": 0,
          "private": "bnVsbA==",
          "dependencies": [
            "aws_subnet.private",
            "aws_subnet.private_secondary",
            "aws_vpc.main",
            "data.aws_availability_zones.available"
          ]
        }
      ]
    },
    {
      "mode": "managed",
      "type": "aws_eip",
      "name": "app_server",
      "provider": "provider[\"registry.terraform.io/hashicorp/aws\"]",
      "instances": [
        {
          "schema_version": 0,
          "attributes": {
            "address": null,
            "allocation_id": "eipalloc-0e5c75df444a99cb8",
            "arn": "arn:aws:ec2:us-east-1:421433934085:elastic-ip/eipalloc-0e5c75df444a99cb8",
            "associate_with_private_ip": null,
            "association_id": "eipassoc-0053e40f0505f4d8b",
            "carrier_ip": "",
            "customer_owned_ip": "",
            "customer_owned_ipv4_pool": "",
            "domain": "vpc",
            "id": "eipalloc-0e5c75df444a99cb8",
            "instance": "i-097a59cd18b21a0e3",
            "ipam_pool_id": null,
            "network_border_group": "us-east-1",
            "network_interface": "eni-0e7f6984857051009",
            "private_dns": "ip-10-0-1-158.ec2.internal",
            "private_ip": "10.0.1.158",
            "ptr_record": "",
            "public_dns": "ec2-3-234-121-117.compute-1.amazonaws.com",
            "public_ip": "3.234.121.117",
            "public_ipv4_pool": "amazon",
            "tags": {
              "Environment": "dev",
              "Name": "job-platform-eip"
            },
            "tags_all": {
              "Environment": "dev",
              "Name": "job-platform-eip"
            },
            "timeouts": null,
            "vpc": true
          },
          "sensitive_attributes": [],
          "identity_schema_version": 0,
          "private": "eyJlMmJmYjczMC1lY2FhLTExZTYtOGY4OC0zNDM2M2JjN2M0YzAiOnsiZGVsZXRlIjoxODAwMDAwMDAwMDAsInJlYWQiOjkwMDAwMDAwMDAwMCwidXBkYXRlIjozMDAwMDAwMDAwMDB9fQ=="
        }
      ]
    },
    {
      "mode": "managed",
      "type": "aws_eip_association",
      "name": "app_server",
      "provider": "provider[\"registry.terraform.io/hashicorp/aws\"]",
      "instances": [
        {
          "schema_version": 0,
          "attributes": {
            "allocation_id": "eipalloc-0e5c75df444a99cb8",
            "allow_reassociation": null,
            "id": "eipassoc-0053e40f0505f4d8b",
            "instance_id": "i-097a59cd18b21a0e3",
            "network_interface_id": "eni-0e7f6984857051009",
            "private_ip_address": "10.0.1.158",
            "public_ip": "3.234.121.117"
          },
          "sensitive_attributes": [],
          "identity_schema_version": 0,
          "private": "bnVsbA==",
          "dependencies": [
            "aws_eip.app_server",
            "aws_iam_instance_profile.ec2_profile",
            "aws_iam_role.ec2_role",
            "aws_instance.app_server",
            "aws_key_pair.deployer",
            "aws_security_group.app_sg",
            "aws_subnet.public",
            "aws_vpc.main",
            "data.aws_availability_zones.available"
          ]
        }
      ]
    },
    {
      "mode": "managed",
      "type": "aws_iam_instance_profile",
      "name": "ec2_profile",
      "provider": "provider[\"registry.terraform.io/hashicorp/aws\"]",
      "instances": [
        {
          "schema_version": 0,
          "attributes": {
            "arn": "arn:aws:iam::421433934085:instance-profile/job-platform-ec2-profile",
            "create_date": "2025-08-15T14:45:28Z",
            "id": "job-platform-ec2-profile",
            "name": "job-platform-ec2-profile",
            "name_prefix": "",
            "path": "/",
            "role": "job-platform-ec2-role",
            "tags": {
              "Environment": "dev",
              "Name": "job-platform-ec2-profile"
            },
            "tags_all": {
              "Environment": "dev",
              "Name": "job-platform-ec2-profile"
            },
            "unique_id": "AIPAWEH3LQECZ4CGJLXZ4"
          },
          "sensitive_attributes": [],
          "identity_schema_version": 0,
          "private": "bnVsbA==",
          "dependencies": [
            "aws_iam_role.ec2_role"
          ]
        }
      ]
    },
    {
      "mode": "managed",
      "type": "aws_iam_policy",
      "name": "cloudwatch_logs_policy",
      "provider": "provider[\"registry.terraform.io/hashicorp/aws\"]",
      "instances": [
        {
          "schema_version": 0,
          "attributes": {
            "arn": "arn:aws:iam::421433934085:policy/job-platform-cloudwatch-logs-policy",
            "attachment_count": 1,
            "description": "Policy for writing to CloudWatch Logs",
            "id": "arn:aws:iam::421433934085:policy/job-platform-cloudwatch-logs-policy",
            "name": "job-platform-cloudwatch-logs-policy",
            "name_prefix": "",
            "path": "/",
            "policy": "{\"Statement\":[{\"Action\":[\"logs:CreateLogGroup\",\"logs:CreateLogStream\",\"logs:PutLogEvents\",\"logs:DescribeLogStreams\"],\"Effect\":\"Allow\",\"Resource\":\"arn:aws:logs:us-east-1:*:log-group:/aws/ec2/job-platform*\"}],\"Version\":\"2012-10-17\"}",
            "policy_id": "ANPAWEH3LQECTNK2BGK42",
            "tags": {
              "Environment": "dev",
              "Name": "job-platform-cloudwatch-logs-policy"
            },
            "tags_all": {
              "Environment": "dev",
              "Name": "job-platform-cloudwatch-logs-policy"
            }
          },
          "sensitive_attributes": [],
          "identity_schema_version": 0,
          "private": "bnVsbA=="
        }
      ]
    },
    {
      "mode": "managed",
      "type": "aws_iam_policy",
      "name": "rds_monitoring_policy",
      "provider": "provider[\"registry.terraform.io/hashicorp/aws\"]",
      "instances": [
        {
          "schema_version": 0,
          "attributes": {
            "arn": "arn:aws:iam::421433934085:policy/job-platform-rds-monitoring-policy",
            "attachment_count": 1,
            "description": "Policy for RDS monitoring and logs",
            "id": "arn:aws:iam::421433934085:policy/job-platform-rds-monitoring-policy",
            "name": "job-platform-rds-monitoring-policy",
            "name_prefix": "",
            "path": "/",
            "policy": "{\"Statement\":[{\"Action\":[\"rds:DescribeDBInstances\",\"rds:DescribeDBClusters\",\"logs:DescribeLogGroups\",\"logs:DescribeLogStreams\"],\"Effect\":\"Allow\",\"Resource\":\"*\"}],\"Version\":\"2012-10-17\"}",
            "policy_id": "ANPAWEH3LQEC2LW5AKY7C",
            "tags": {
              "Environment": "dev",
              "Name": "job-platform-rds-monitoring-policy"
            },
            "tags_all": {
              "Environment": "dev",
              "Name": "job-platform-rds-monitoring-policy"
            }
          },
          "sensitive_attributes": [],
          "identity_schema_version": 0,
          "private": "bnVsbA=="
        }
      ]
    },
    {
      "mode": "managed",
      "type": "aws_iam_policy",
      "name": "secrets_manager_policy",
      "provider": "provider[\"registry.terraform.io/hashicorp/aws\"]",
      "instances": [
        {
          "schema_version": 0,
          "attributes": {
            "arn": "arn:aws:iam::421433934085:policy/job-platform-secrets-manager-policy",
            "attachment_count": 1,
            "description": "Policy for accessing Secrets Manager secrets",
            "id": "arn:aws:iam::421433934085:policy/job-platform-secrets-manager-policy",
            "name": "job-platform-secrets-manager-policy",
            "name_prefix": "",
            "path": "/",
            "policy": "{\"Statement\":[{\"Action\":[\"secretsmanager:GetSecretValue\",\"secretsmanager:DescribeSecret\"],\"Effect\":\"Allow\",\"Resource\":[\"arn:aws:secretsmanager:us-east-1:421433934085:secret:rds!db-2dd61f47-b370-4394-8794-76187c59d277-6ZqH7v\"]},{\"Action\":[\"kms:Decrypt\",\"kms:GenerateDataKey\"],\"Condition\":{\"StringEquals\":{\"kms:ViaService\":\"secretsmanager.us-east-1.amazonaws.com\"}},\"Effect\":\"Allow\",\"Resource\":\"arn:aws:kms:us-east-1:421433934085:key/de38a1c7-99e5-4133-a494-3137b16ea694\"}],\"Version\":\"2012-10-17\"}",
            "policy_id": "ANPAWEH3LQECZ3I7FWDOJ",
            "tags": {
              "Environment": "dev",
              "Name": "job-platform-secrets-manager-policy"
            },
            "tags_all": {
              "Environment": "dev",
              "Name": "job-platform-secrets-manager-policy"
            }
          },
          "sensitive_attributes": [],
          "identity_schema_version": 0,
          "private": "bnVsbA==",
          "dependencies": [
            "aws_db_instance.postgres",
            "aws_db_subnet_group.postgres",
            "aws_kms_key.secrets_manager",
            "aws_security_group.app_sg",
            "aws_security_group.db_sg",
            "aws_subnet.private",
            "aws_subnet.private_secondary",
            "aws_vpc.main",
            "data.aws_availability_zones.available"
          ]
        }
      ]
    },
    {
      "mode": "managed",
      "type": "aws_iam_role",
      "name": "ec2_role",
      "provider": "provider[\"registry.terraform.io/hashicorp/aws\"]",
      "instances": [
        {
          "schema_version": 0,
          "attributes": {
            "arn": "arn:aws:iam::421433934085:role/job-platform-ec2-role",
            "assume_role_policy": "{\"Statement\":[{\"Action\":\"sts:AssumeRole\",\"Effect\":\"Allow\",\"Principal\":{\"Service\":\"ec2.amazonaws.com\"}}],\"Version\":\"2012-10-17\"}",
            "create_date": "2025-08-15T14:45:28Z",
            "description": "",
            "force_detach_policies": false,
            "id": "job-platform-ec2-role",
            "inline_policy": [],
            "managed_policy_arns": [
              "arn:aws:iam::421433934085:policy/job-platform-cloudwatch-logs-policy",
              "arn:aws:iam::421433934085:policy/job-platform-rds-monitoring-policy",
              "arn:aws:iam::421433934085:policy/job-platform-secrets-manager-policy",
              "arn:aws:iam::aws:policy/AmazonSSMManagedInstanceCore"
            ],
            "max_session_duration": 3600,
            "name": "job-platform-ec2-role",
            "name_prefix": "",
            "path": "/",
            "permissions_boundary": "",
            "tags": {
              "Environment": "dev",
              "Name": "job-platform-ec2-role"
            },
            "tags_all": {
              "Environment": "dev",
              "Name": "job-platform-ec2-role"
            },
            "unique_id": "AROAWEH3LQEC3TOLFY6VU"
          },
          "sensitive_attributes": [],
          "identity_schema_version": 0,
          "private": "bnVsbA=="
        }
      ]
    },
    {
      "mode": "managed",
      "type": "aws_iam_role_policy_attachment",
      "name": "cloudwatch_logs_attach",
      "provider": "provider[\"registry.terraform.io/hashicorp/aws\"]",
      "instances": [
        {
          "schema_version": 0,
          "attributes": {
            "id": "job-platform-ec2-role-20250815144528464200000003",
            "policy_arn": "arn:aws:iam::421433934085:policy/job-platform-cloudwatch-logs-policy",
            "role": "job-platform-ec2-role"
          },
          "sensitive_attributes": [],
          "identity_schema_version": 0,
          "private": "bnVsbA==",
          "dependencies": [
            "aws_iam_policy.cloudwatch_logs_policy",
            "aws_iam_role.ec2_role"
          ]
        }
      ]
    },
    {
      "mode": "managed",
      "type": "aws_iam_role_policy_attachment",
      "name": "rds_monitoring_attach",
      "provider": "provider[\"registry.terraform.io/hashicorp/aws\"]",
      "instances": [
        {
          "schema_version": 0,
          "attributes": {
            "id": "job-platform-ec2-role-20250815144528431300000002",
            "policy_arn": "arn:aws:iam::421433934085:policy/job-platform-rds-monitoring-policy",
            "role": "job-platform-ec2-role"
          },
          "sensitive_attributes": [],
          "identity_schema_version": 0,
          "private": "bnVsbA==",
          "dependencies": [
            "aws_iam_policy.rds_monitoring_policy",
            "aws_iam_role.ec2_role"
          ]
        }
      ]
    },
    {
      "mode": "managed",
      "type": "aws_iam_role_policy_attachment",
      "name": "secrets_manager_attach",
      "provider": "provider[\"registry.terraform.io/hashicorp/aws\"]",
      "instances": [
        {
          "schema_version": 0,
          "attributes": {
            "id": "job-platform-ec2-role-20250815145227619500000008",
            "policy_arn": "arn:aws:iam::421433934085:policy/job-platform-secrets-manager-policy",
            "role": "job-platform-ec2-role"
          },
          "sensitive_attributes": [],
          "identity_schema_version": 0,
          "private": "bnVsbA==",
          "dependencies": [
            "aws_db_instance.postgres",
            "aws_db_subnet_group.postgres",
            "aws_iam_policy.secrets_manager_policy",
            "aws_iam_role.ec2_role",
            "aws_kms_key.secrets_manager",
            "aws_security_group.app_sg",
            "aws_security_group.db_sg",
            "aws_subnet.private",
            "aws_subnet.private_secondary",
            "aws_vpc.main",
            "data.aws_availability_zones.available"
          ]
        }
      ]
    },
    {
      "mode": "managed",
      "type": "aws_iam_role_policy_attachment",
      "name": "ssm_managed_instance_core",
      "provider": "provider[\"registry.terraform.io/hashicorp/aws\"]",
      "instances": [
        {
          "schema_version": 0,
          "attributes": {
            "id": "job-platform-ec2-role-20250815144528426300000001",
            "policy_arn": "arn:aws:iam::aws:policy/AmazonSSMManagedInstanceCore",
            "role": "job-platform-ec2-role"
          },
          "sensitive_attributes": [],
          "identity_schema_version": 0,
          "private": "bnVsbA==",
          "dependencies": [
            "aws_iam_role.ec2_role"
          ]
        }
      ]
    },
    {
      "mode": "managed",
      "type": "aws_instance",
      "name": "app_server",
      "provider": "provider[\"registry.terraform.io/hashicorp/aws\"]",
      "instances": [
        {
          "schema_version": 1,
          "attributes": {
            "ami": "ami-0866a3c8686eaeeba",
            "arn": "arn:aws:ec2:us-east-1:421433934085:instance/i-097a59cd18b21a0e3",
            "associate_public_ip_address": true,
            "availability_zone": "us-east-1a",
            "capacity_reservation_specification": [
              {
                "capacity_reservation_preference": "open",
                "capacity_reservation_target": []
              }
            ],
            "cpu_core_count": 1,
            "cpu_options": [
              {
                "amd_sev_snp": "",
                "core_count": 1,
                "threads_per_core": 2
              }
            ],
            "cpu_threads_per_core": 2,
            "credit_specification": [
              {
                "cpu_credits": "unlimited"
              }
            ],
            "disable_api_stop": false,
            "disable_api_termination": false,
            "ebs_block_device": [],
            "ebs_optimized": false,
            "enable_primary_ipv6": null,
            "enclave_options": [
              {
                "enabled": false
              }
            ],
            "ephemeral_block_device": [],
            "get_password_data": false,
            "hibernation": false,
            "host_id": "",
            "host_resource_group_arn": null,
            "iam_instance_profile": "job-platform-ec2-profile",
            "id": "i-097a59cd18b21a0e3",
            "instance_initiated_shutdown_behavior": "stop",
            "instance_lifecycle": "",
            "instance_market_options": [],
            "instance_state": "running",
            "instance_type": "t3.micro",
            "ipv6_address_count": 0,
            "ipv6_addresses": [],
            "key_name": "job-platform-key",
            "launch_template": [],
            "maintenance_options": [
              {
                "auto_recovery": "default"
              }
            ],
            "metadata_options": [
              {
                "http_endpoint": "enabled",
                "http_protocol_ipv6": "disabled",
                "http_put_response_hop_limit": 2,
                "http_tokens": "required",
                "instance_metadata_tags": "disabled"
              }
            ],
            "monitoring": false,
            "network_interface": [],
            "outpost_arn": "",
            "password_data": "",
            "placement_group": "",
            "placement_partition_number": 0,
            "primary_network_interface_id": "eni-0e7f6984857051009",
            "private_dns": "ip-10-0-1-158.ec2.internal",
            "private_dns_name_options": [
              {
                "enable_resource_name_dns_a_record": false,
                "enable_resource_name_dns_aaaa_record": false,
                "hostname_type": "ip-name"
              }
            ],
            "private_ip": "10.0.1.158",
            "public_dns": "ec2-3-234-121-117.compute-1.amazonaws.com",
            "public_ip": "3.234.121.117",
            "root_block_device": [
              {
                "delete_on_termination": true,
                "device_name": "/dev/sda1",
                "encrypted": true,
                "iops": 100,
                "kms_key_id": "arn:aws:kms:us-east-1:421433934085:key/5cb6ed53-1a5d-4054-9d5d-8e23932bfb5b",
                "tags": {
                  "Environment": "dev",
                  "Name": "job-platform-root-volume"
                },
                "tags_all": {
                  "Environment": "dev",
                  "Name": "job-platform-root-volume"
                },
                "throughput": 0,
                "volume_id": "vol-0e11ab5604f9dc7b7",
                "volume_size": 30,
                "volume_type": "gp2"
              }
            ],
            "secondary_private_ips": [],
            "security_groups": [],
            "source_dest_check": true,
            "spot_instance_request_id": "",
            "subnet_id": "subnet-0753236a97bf3d70c",
            "tags": {
              "Environment": "dev",
              "Name": "job-platform-app-server"
            },
            "tags_all": {
              "Environment": "dev",
              "Name": "job-platform-app-server"
            },
            "tenancy": "default",
            "timeouts": null,
            "user_data": "eccdc36ef6f0c05f3c7ea561a81c68cad2999c30",
            "user_data_base64": null,
            "user_data_replace_on_change": false,
            "volume_tags": null,
            "vpc_security_group_ids": [
              "sg-0ec4c1c9832e5b49d"
            ]
          },
          "sensitive_attributes": [],
          "identity_schema_version": 0,
          "private": "eyJlMmJmYjczMC1lY2FhLTExZTYtOGY4OC0zNDM2M2JjN2M0YzAiOnsiY3JlYXRlIjo2MDAwMDAwMDAwMDAsImRlbGV0ZSI6MTIwMDAwMDAwMDAwMCwicmVhZCI6OTAwMDAwMDAwMDAwLCJ1cGRhdGUiOjYwMDAwMDAwMDAwMH0sInNjaGVtYV92ZXJzaW9uIjoiMSJ9",
          "dependencies": [
            "aws_iam_instance_profile.ec2_profile",
            "aws_iam_role.ec2_role",
            "aws_key_pair.deployer",
            "aws_security_group.app_sg",
            "aws_subnet.public",
            "aws_vpc.main",
            "data.aws_availability_zones.available"
          ]
        }
      ]
    },
    {
      "mode": "managed",
      "type": "aws_internet_gateway",
      "name": "main",
      "provider": "provider[\"registry.terraform.io/hashicorp/aws\"]",
      "instances": [
        {
          "schema_version": 0,
          "attributes": {
            "arn": "arn:aws:ec2:us-east-1:421433934085:internet-gateway/igw-05130e8a363b54809",
            "id": "igw-05130e8a363b54809",
            "owner_id": "421433934085",
            "tags": {
              "Environment": "dev",
              "Name": "job-platform-igw"
            },
            "tags_all": {
              "Environment": "dev",
              "Name": "job-platform-igw"
            },
            "timeouts": null,
            "vpc_id": "vpc-0f1e4e64be884297e"
          },
          "sensitive_attributes": [],
          "identity_schema_version": 0,
          "private": "eyJlMmJmYjczMC1lY2FhLTExZTYtOGY4OC0zNDM2M2JjN2M0YzAiOnsiY3JlYXRlIjoxMjAwMDAwMDAwMDAwLCJkZWxldGUiOjEyMDAwMDAwMDAwMDAsInVwZGF0ZSI6MTIwMDAwMDAwMDAwMH19",
          "dependencies": [
            "aws_vpc.main"
          ]
        }
      ]
    },
    {
      "mode": "managed",
      "type": "aws_key_pair",
      "name": "deployer",
      "provider": "provider[\"registry.terraform.io/hashicorp/aws\"]",
      "instances": [
        {
          "schema_version": 1,
          "attributes": {
            "arn": "arn:aws:ec2:us-east-1:421433934085:key-pair/job-platform-key",
            "fingerprint": "2Ewlp1IdqMgMjPHYmU5v5oV272IMR4Cg4QfvpOXGFFc=",
            "id": "job-platform-key",
            "key_name": "job-platform-key",
            "key_name_prefix": "",
            "key_pair_id": "key-0975603c5eb046a6f",
            "key_type": "ed25519",
            "public_key": "ssh-ed25519 AAAAC3NzaC1lZDI1NTE5AAAAIBmCzOh/qwChb/saemDHNaMFfmbJj2gTYJf4cqk9ebQb khaled@MacBook-Pro.local",
            "tags": {
              "Environment": "dev",
              "Name": "job-platform-key"
            },
            "tags_all": {
              "Environment": "dev",
              "Name": "job-platform-key"
            }
          },
          "sensitive_attributes": [],
          "identity_schema_version": 0,
          "private": "eyJzY2hlbWFfdmVyc2lvbiI6IjEifQ=="
        }
      ]
    },
    {
      "mode": "managed",
      "type": "aws_kms_alias",
      "name": "secrets_manager",
      "provider": "provider[\"registry.terraform.io/hashicorp/aws\"]",
      "instances": [
        {
          "schema_version": 0,
          "attributes": {
            "arn": "arn:aws:kms:us-east-1:421433934085:alias/job-platform-secrets",
            "id": "alias/job-platform-secrets",
            "name": "alias/job-platform-secrets",
            "name_prefix": "",
            "target_key_arn": "arn:aws:kms:us-east-1:421433934085:key/de38a1c7-99e5-4133-a494-3137b16ea694",
            "target_key_id": "de38a1c7-99e5-4133-a494-3137b16ea694"
          },
          "sensitive_attributes": [],
          "identity_schema_version": 0,
          "private": "bnVsbA==",
          "dependencies": [
            "aws_kms_key.secrets_manager"
          ]
        }
      ]
    },
    {
      "mode": "managed",
      "type": "aws_kms_key",
      "name": "secrets_manager",
      "provider": "provider[\"registry.terraform.io/hashicorp/aws\"]",
      "instances": [
        {
          "schema_version": 0,
          "attributes": {
            "arn": "arn:aws:kms:us-east-1:421433934085:key/de38a1c7-99e5-4133-a494-3137b16ea694",
            "bypass_policy_lockout_safety_check": false,
            "custom_key_store_id": "",
            "customer_master_key_spec": "SYMMETRIC_DEFAULT",
            "deletion_window_in_days": 7,
            "description": "KMS key for job-platform Secrets Manager",
            "enable_key_rotation": false,
            "id": "de38a1c7-99e5-4133-a494-3137b16ea694",
            "is_enabled": true,
            "key_id": "de38a1c7-99e5-4133-a494-3137b16ea694",
            "key_usage": "ENCRYPT_DECRYPT",
            "multi_region": false,
            "policy": "{\"Id\":\"key-default-1\",\"Statement\":[{\"Action\":\"kms:*\",\"Effect\":\"Allow\",\"Principal\":{\"AWS\":\"arn:aws:iam::421433934085:root\"},\"Resource\":\"*\",\"Sid\":\"Enable IAM User Permissions\"}],\"Version\":\"2012-10-17\"}",
            "rotation_period_in_days": 0,
            "tags": {
              "Environment": "dev",
              "Name": "job-platform-secrets-kms"
            },
            "tags_all": {
              "Environment": "dev",
              "Name": "job-platform-secrets-kms"
            },
            "timeouts": null,
            "xks_key_id": ""
          },
          "sensitive_attributes": [],
          "identity_schema_version": 0,
          "private": "eyJlMmJmYjczMC1lY2FhLTExZTYtOGY4OC0zNDM2M2JjN2M0YzAiOnsiY3JlYXRlIjoxMjAwMDAwMDAwMDB9fQ=="
        }
      ]
    },
    {
      "mode": "managed",
      "type": "aws_route_table",
      "name": "public",
      "provider": "provider[\"registry.terraform.io/hashicorp/aws\"]",
      "instances": [
        {
          "schema_version": 0,
          "attributes": {
            "arn": "arn:aws:ec2:us-east-1:421433934085:route-table/rtb-081ec147f9a45d213",
            "id": "rtb-081ec147f9a45d213",
            "owner_id": "421433934085",
            "propagating_vgws": [],
            "route": [
              {
                "carrier_gateway_id": "",
                "cidr_block": "0.0.0.0/0",
                "core_network_arn": "",
                "destination_prefix_list_id": "",
                "egress_only_gateway_id": "",
                "gateway_id": "igw-05130e8a363b54809",
                "ipv6_cidr_block": "",
                "local_gateway_id": "",
                "nat_gateway_id": "",
                "network_interface_id": "",
                "transit_gateway_id": "",
                "vpc_endpoint_id": "",
                "vpc_peering_connection_id": ""
              }
            ],
            "tags": {
              "Environment": "dev",
              "Name": "job-platform-public-rt"
            },
            "tags_all": {
              "Environment": "dev",
              "Name": "job-platform-public-rt"
            },
            "timeouts": null,
            "vpc_id": "vpc-0f1e4e64be884297e"
          },
          "sensitive_attributes": [],
          "identity_schema_version": 0,
          "private": "eyJlMmJmYjczMC1lY2FhLTExZTYtOGY4OC0zNDM2M2JjN2M0YzAiOnsiY3JlYXRlIjozMDAwMDAwMDAwMDAsImRlbGV0ZSI6MzAwMDAwMDAwMDAwLCJ1cGRhdGUiOjEyMDAwMDAwMDAwMH19",
          "dependencies": [
            "aws_internet_gateway.main",
            "aws_vpc.main"
          ]
        }
      ]
    },
    {
      "mode": "managed",
      "type": "aws_route_table_association",
      "name": "public",
      "provider": "provider[\"registry.terraform.io/hashicorp/aws\"]",
      "instances": [
        {
          "schema_version": 0,
          "attributes": {
            "gateway_id": "",
            "id": "rtbassoc-02bdfa862b38cc7ad",
            "route_table_id": "rtb-081ec147f9a45d213",
            "subnet_id": "subnet-0753236a97bf3d70c",
            "timeouts": null
          },
          "sensitive_attributes": [],
          "identity_schema_version": 0,
          "private": "eyJlMmJmYjczMC1lY2FhLTExZTYtOGY4OC0zNDM2M2JjN2M0YzAiOnsiY3JlYXRlIjozMDAwMDAwMDAwMDAsImRlbGV0ZSI6MzAwMDAwMDAwMDAwLCJ1cGRhdGUiOjEyMDAwMDAwMDAwMH19",
          "dependencies": [
            "aws_internet_gateway.main",
            "aws_route_table.public",
            "aws_subnet.public",
            "aws_vpc.main",
            "data.aws_availability_zones.available"
          ]
        }
      ]
    },
    {
      "mode": "managed",
      "type": "aws_security_group",
      "name": "app_sg",
      "provider": "provider[\"registry.terraform.io/hashicorp/aws\"]",
      "instances": [
        {
          "schema_version": 1,
          "attributes": {
            "arn": "arn:aws:ec2:us-east-1:421433934085:security-group/sg-0ec4c1c9832e5b49d",
            "description": "Security group for application server",
            "egress": [
              {
                "cidr_blocks": [
                  "0.0.0.0/0"
                ],
                "description": "All outbound",
                "from_port": 0,
                "ipv6_cidr_blocks": [],
                "prefix_list_ids": [],
                "protocol": "-1",
                "security_groups": [],
                "self": false,
                "to_port": 0
              }
            ],
            "id": "sg-0ec4c1c9832e5b49d",
            "ingress": [
              {
                "cidr_blocks": [
                  "0.0.0.0/0"
                ],
                "description": "Backend API",
                "from_port": 8000,
                "ipv6_cidr_blocks": [],
                "prefix_list_ids": [],
                "protocol": "tcp",
                "security_groups": [],
                "self": false,
                "to_port": 8000
              },
              {
                "cidr_blocks": [
                  "0.0.0.0/0"
                ],
                "description": "Frontend Dev",
                "from_port": 3000,
                "ipv6_cidr_blocks": [],
                "prefix_list_ids": [],
                "protocol": "tcp",
                "security_groups": [],
                "self": false,
                "to_port": 3000
              },
              {
                "cidr_blocks": [
                  "0.0.0.0/0"
                ],
                "description": "HTTP",
                "from_port": 80,
                "ipv6_cidr_blocks": [],
                "prefix_list_ids": [],
                "protocol": "tcp",
                "security_groups": [],
                "self": false,
                "to_port": 80
              },
              {
                "cidr_blocks": [
                  "0.0.0.0/0"
                ],
                "description": "HTTPS",
                "from_port": 443,
                "ipv6_cidr_blocks": [],
                "prefix_list_ids": [],
                "protocol": "tcp",
                "security_groups": [],
                "self": false,
                "to_port": 443
              },
              {
                "cidr_blocks": [
                  "0.0.0.0/0"
                ],
                "description": "SSH",
                "from_port": 22,
                "ipv6_cidr_blocks": [],
                "prefix_list_ids": [],
                "protocol": "tcp",
                "security_groups": [],
                "self": false,
                "to_port": 22
              }
            ],
            "name": "job-platform-app-20250815144540052800000004",
            "name_prefix": "job-platform-app-",
            "owner_id": "421433934085",
            "revoke_rules_on_delete": false,
            "tags": {
              "Environment": "dev",
              "Name": "job-platform-app-sg"
            },
            "tags_all": {
              "Environment": "dev",
              "Name": "job-platform-app-sg"
            },
            "timeouts": null,
            "vpc_id": "vpc-0f1e4e64be884297e"
          },
          "sensitive_attributes": [],
          "identity_schema_version": 0,
          "private": "eyJlMmJmYjczMC1lY2FhLTExZTYtOGY4OC0zNDM2M2JjN2M0YzAiOnsiY3JlYXRlIjo2MDAwMDAwMDAwMDAsImRlbGV0ZSI6OTAwMDAwMDAwMDAwfSwic2NoZW1hX3ZlcnNpb24iOiIxIn0=",
          "dependencies": [
            "aws_vpc.main"
          ],
          "create_before_destroy": true
        }
      ]
    },
    {
      "mode": "managed",
      "type": "aws_security_group",
      "name": "db_sg",
      "provider": "provider[\"registry.terraform.io/hashicorp/aws\"]",
      "instances": [
        {
          "schema_version": 1,
          "attributes": {
            "arn": "arn:aws:ec2:us-east-1:421433934085:security-group/sg-0a03bac9034dc8acd",
            "description": "Security group for PostgreSQL database",
            "egress": [
              {
                "cidr_blocks": [],
                "description": "No outbound traffic",
                "from_port": 0,
                "ipv6_cidr_blocks": [],
                "prefix_list_ids": [],
                "protocol": "-1",
                "security_groups": [],
                "self": false,
                "to_port": 0
              }
            ],
            "id": "sg-0a03bac9034dc8acd",
            "ingress": [
              {
                "cidr_blocks": [],
                "description": "PostgreSQL from app server",
                "from_port": 5432,
                "ipv6_cidr_blocks": [],
                "prefix_list_ids": [],
                "protocol": "tcp",
                "security_groups": [
                  "sg-0ec4c1c9832e5b49d"
                ],
                "self": false,
                "to_port": 5432
              }
            ],
            "name": "job-platform-db-20250815144543480900000006",
            "name_prefix": "job-platform-db-",
            "owner_id": "421433934085",
            "revoke_rules_on_delete": false,
            "tags": {
              "Environment": "dev",
              "Name": "job-platform-db-sg"
            },
            "tags_all": {
              "Environment": "dev",
              "Name": "job-platform-db-sg"
            },
            "timeouts": null,
            "vpc_id": "vpc-0f1e4e64be884297e"
          },
          "sensitive_attributes": [],
          "identity_schema_version": 0,
          "private": "eyJlMmJmYjczMC1lY2FhLTExZTYtOGY4OC0zNDM2M2JjN2M0YzAiOnsiY3JlYXRlIjo2MDAwMDAwMDAwMDAsImRlbGV0ZSI6OTAwMDAwMDAwMDAwfSwic2NoZW1hX3ZlcnNpb24iOiIxIn0=",
          "dependencies": [
            "aws_security_group.app_sg",
            "aws_vpc.main"
          ],
          "create_before_destroy": true
        }
      ]
    },
    {
      "mode": "managed",
      "type": "aws_subnet",
      "name": "private",
      "provider": "provider[\"registry.terraform.io/hashicorp/aws\"]",
      "instances": [
        {
          "schema_version": 1,
          "attributes": {
            "arn": "arn:aws:ec2:us-east-1:421433934085:subnet/subnet-093f3f12f68882386",
            "assign_ipv6_address_on_creation": false,
            "availability_zone": "us-east-1b",
            "availability_zone_id": "use1-az1",
            "cidr_block": "10.0.2.0/24",
            "customer_owned_ipv4_pool": "",
            "enable_dns64": false,
            "enable_lni_at_device_index": 0,
            "enable_resource_name_dns_a_record_on_launch": false,
            "enable_resource_name_dns_aaaa_record_on_launch": false,
            "id": "subnet-093f3f12f68882386",
            "ipv6_cidr_block": "",
            "ipv6_cidr_block_association_id": "",
            "ipv6_native": false,
            "map_customer_owned_ip_on_launch": false,
            "map_public_ip_on_launch": false,
            "outpost_arn": "",
            "owner_id": "421433934085",
            "private_dns_hostname_type_on_launch": "ip-name",
            "tags": {
              "Environment": "dev",
              "Name": "job-platform-private-subnet"
            },
            "tags_all": {
              "Environment": "dev",
              "Name": "job-platform-private-subnet"
            },
            "timeouts": null,
            "vpc_id": "vpc-0f1e4e64be884297e"
          },
          "sensitive_attributes": [],
          "identity_schema_version": 0,
          "private": "eyJlMmJmYjczMC1lY2FhLTExZTYtOGY4OC0zNDM2M2JjN2M0YzAiOnsiY3JlYXRlIjo2MDAwMDAwMDAwMDAsImRlbGV0ZSI6MTIwMDAwMDAwMDAwMH0sInNjaGVtYV92ZXJzaW9uIjoiMSJ9",
          "dependencies": [
            "aws_vpc.main",
            "data.aws_availability_zones.available"
          ]
        }
      ]
    },
    {
      "mode": "managed",
      "type": "aws_subnet",
      "name": "private_secondary",
      "provider": "provider[\"registry.terraform.io/hashicorp/aws\"]",
      "instances": [
        {
          "schema_version": 1,
          "attributes": {
            "arn": "arn:aws:ec2:us-east-1:421433934085:subnet/subnet-03792e117ea915952",
            "assign_ipv6_address_on_creation": false,
            "availability_zone": "us-east-1c",
            "availability_zone_id": "use1-az2",
            "cidr_block": "10.0.3.0/24",
            "customer_owned_ipv4_pool": "",
            "enable_dns64": false,
            "enable_lni_at_device_index": 0,
            "enable_resource_name_dns_a_record_on_launch": false,
            "enable_resource_name_dns_aaaa_record_on_launch": false,
            "id": "subnet-03792e117ea915952",
            "ipv6_cidr_block": "",
            "ipv6_cidr_block_association_id": "",
            "ipv6_native": false,
            "map_customer_owned_ip_on_launch": false,
            "map_public_ip_on_launch": false,
            "outpost_arn": "",
            "owner_id": "421433934085",
            "private_dns_hostname_type_on_launch": "ip-name",
            "tags": {
              "Environment": "dev",
              "Name": "job-platform-private-subnet-2"
            },
            "tags_all": {
              "Environment": "dev",
              "Name": "job-platform-private-subnet-2"
            },
            "timeouts": null,
            "vpc_id": "vpc-0f1e4e64be884297e"
          },
          "sensitive_attributes": [],
          "identity_schema_version": 0,
          "private": "eyJlMmJmYjczMC1lY2FhLTExZTYtOGY4OC0zNDM2M2JjN2M0YzAiOnsiY3JlYXRlIjo2MDAwMDAwMDAwMDAsImRlbGV0ZSI6MTIwMDAwMDAwMDAwMH0sInNjaGVtYV92ZXJzaW9uIjoiMSJ9",
          "dependencies": [
            "aws_vpc.main",
            "data.aws_availability_zones.available"
          ]
        }
      ]
    },
    {
      "mode": "managed",
      "type": "aws_subnet",
      "name": "public",
      "provider": "provider[\"registry.terraform.io/hashicorp/aws\"]",
      "instances": [
        {
          "schema_version": 1,
          "attributes": {
            "arn": "arn:aws:ec2:us-east-1:421433934085:subnet/subnet-0753236a97bf3d70c",
            "assign_ipv6_address_on_creation": false,
            "availability_zone": "us-east-1a",
            "availability_zone_id": "use1-az6",
            "cidr_block": "10.0.1.0/24",
            "customer_owned_ipv4_pool": "",
            "enable_dns64": false,
            "enable_lni_at_device_index": 0,
            "enable_resource_name_dns_a_record_on_launch": false,
            "enable_resource_name_dns_aaaa_record_on_launch": false,
            "id": "subnet-0753236a97bf3d70c",
            "ipv6_cidr_block": "",
            "ipv6_cidr_block_association_id": "",
            "ipv6_native": false,
            "map_customer_owned_ip_on_launch": false,
            "map_public_ip_on_launch": true,
            "outpost_arn": "",
            "owner_id": "421433934085",
            "private_dns_hostname_type_on_launch": "ip-name",
            "tags": {
              "Environment": "dev",
              "Name": "job-platform-public-subnet"
            },
            "tags_all": {
              "Environment": "dev",
              "Name": "job-platform-public-subnet"
            },
            "timeouts": null,
            "vpc_id": "vpc-0f1e4e64be884297e"
          },
          "sensitive_attributes": [],
          "identity_schema_version": 0,
          "private": "eyJlMmJmYjczMC1lY2FhLTExZTYtOGY4OC0zNDM2M2JjN2M0YzAiOnsiY3JlYXRlIjo2MDAwMDAwMDAwMDAsImRlbGV0ZSI6MTIwMDAwMDAwMDAwMH0sInNjaGVtYV92ZXJzaW9uIjoiMSJ9",
          "dependencies": [
            "aws_vpc.main",
            "data.aws_availability_zones.available"
          ]
        }
      ]
    },
    {
      "mode": "managed",
      "type": "aws_vpc",
      "name": "main",
      "provider": "provider[\"registry.terraform.io/hashicorp/aws\"]",
      "instances": [
        {
          "schema_version": 1,
          "attributes": {
            "arn": "arn:aws:ec2:us-east-1:421433934085:vpc/vpc-0f1e4e64be884297e",
            "assign_generated_ipv6_cidr_block": false,
            "cidr_block": "10.0.0.0/16",
            "default_network_acl_id": "acl-0c1fbbddf0dc38d02",
            "default_route_table_id": "rtb-0f176c7e71ea003b1",
            "default_security_group_id": "sg-0309091653a08c64c",
            "dhcp_options_id": "dopt-0225e25f10991ed4e",
            "enable_dns_hostnames": true,
            "enable_dns_support": true,
            "enable_network_address_usage_metrics": false,
            "id": "vpc-0f1e4e64be884297e",
            "instance_tenancy": "default",
            "ipv4_ipam_pool_id": null,
            "ipv4_netmask_length": null,
            "ipv6_association_id": "",
            "ipv6_cidr_block": "",
            "ipv6_cidr_block_network_border_group": "",
            "ipv6_ipam_pool_id": "",
            "ipv6_netmask_length": 0,
            "main_route_table_id": "rtb-0f176c7e71ea003b1",
            "owner_id": "421433934085",
            "tags": {
              "Environment": "dev",
              "Name": "job-platform-vpc"
            },
            "tags_all": {
              "Environment": "dev",
              "Name": "job-platform-vpc"
            }
          },
          "sensitive_attributes": [],
          "identity_schema_version": 0,
          "private": "eyJzY2hlbWFfdmVyc2lvbiI6IjEifQ==",
          "create_before_destroy": true
        }
      ]
    }
  ],
  "check_results": [
    {
      "object_kind": "var",
      "config_addr": "var.ssh_public_key",
      "status": "pass",
      "objects": [
        {
          "object_addr": "var.ssh_public_key",
          "status": "pass"
        }
      ]
    }
  ]
}
