{
  "version": 4,
  "terraform_version": "1.12.2",
  "serial": 9,
  "lineage": "6c6c058e-1f65-96d5-3c3b-125edffbef93",
  "outputs": {
    "application_urls": {
      "value": {
        "api_docs": "http://54.172.102.143:8000/docs",
        "backend_api": "http://54.172.102.143:8000",
        "frontend_dev": "http://54.172.102.143:3000"
      },
      "type": [
        "object",
        {
          "api_docs": "string",
          "backend_api": "string",
          "frontend_dev": "string"
        }
      ]
    },
    "db_secret_arn": {
      "value": "arn:aws:secretsmanager:us-east-1:421433934085:secret:rds!db-6d0aadfe-7f33-4108-b141-1c0f28d4b244-iPDZmR",
      "type": "string",
      "sensitive": true
    },
    "deployment_info": {
      "value": {
        "api_docs_url": "http://54.172.102.143:8000/docs",
        "backend_url": "http://54.172.102.143:8000",
        "db_endpoint": "job-platform-db.cwdec2aoci4i.us-east-1.rds.amazonaws.com:5432",
        "db_secret_arn": "arn:aws:secretsmanager:us-east-1:421433934085:secret:rds!db-6d0aadfe-7f33-4108-b141-1c0f28d4b244-iPDZmR",
        "ec2_instance": "i-05192112418a26eb8",
        "ec2_ip": "54.172.102.143",
        "frontend_url": "http://54.172.102.143:3000",
        "ssh_command": "ssh -i ~/.ssh/job-platform-key ubuntu@54.172.102.143",
        "ssh_key": "job-platform-key"
      },
      "type": [
        "object",
        {
          "api_docs_url": "string",
          "backend_url": "string",
          "db_endpoint": "string",
          "db_secret_arn": "string",
          "ec2_instance": "string",
          "ec2_ip": "string",
          "frontend_url": "string",
          "ssh_command": "string",
          "ssh_key": "string"
        }
      ]
    },
    "ec2_instance_id": {
      "value": "i-05192112418a26eb8",
      "type": "string"
    },
    "ec2_public_dns": {
      "value": "ec2-13-222-195-154.compute-1.amazonaws.com",
      "type": "string"
    },
    "ec2_public_ip": {
      "value": "54.172.102.143",
      "type": "string"
    },
    "rds_endpoint": {
      "value": "job-platform-db.cwdec2aoci4i.us-east-1.rds.amazonaws.com:5432",
      "type": "string"
    },
    "rds_port": {
      "value": 5432,
      "type": "number"
    },
    "ssh_command": {
      "value": "ssh -i ~/.ssh/job-platform-key ubuntu@54.172.102.143",
      "type": "string"
    }
  },
  "resources": [
    {
      "mode": "data",
      "type": "terraform_remote_state",
      "name": "persistent",
      "provider": "provider[\"terraform.io/builtin/terraform\"]",
      "instances": [
        {
          "schema_version": 0,
          "attributes": {
            "backend": "local",
            "config": {
              "value": {
                "path": "../terraform-persistent/terraform.tfstate"
              },
              "type": [
                "object",
                {
                  "path": "string"
                }
              ]
            },
            "defaults": null,
            "outputs": {
              "value": {
                "database_secret_arn": "arn:aws:secretsmanager:us-east-1:421433934085:secret:rds!db-6d0aadfe-7f33-4108-b141-1c0f28d4b244-iPDZmR",
                "database_url_template": "postgresql://dbadmin:PLACEHOLDER_PASSWORD@job-platform-db.cwdec2aoci4i.us-east-1.rds.amazonaws.com:5432/jobplatform",
                "db_security_group_id": "sg-05a383989bcaf308e",
                "kms_key_arn": "arn:aws:kms:us-east-1:421433934085:key/4b5f4841-c91a-4542-8b27-d9bbe53a976b",
                "persistent_infrastructure_summary": {
                  "database_endpoint": "job-platform-db.cwdec2aoci4i.us-east-1.rds.amazonaws.com:5432",
                  "database_name": "jobplatform",
                  "database_user": "dbadmin",
                  "db_security_group": "sg-05a383989bcaf308e",
                  "kms_key": "arn:aws:kms:us-east-1:421433934085:key/4b5f4841-c91a-4542-8b27-d9bbe53a976b",
                  "private_subnets": [
                    "subnet-0147447410ca0baab",
                    "subnet-0d1d9f836db0c65b5"
                  ],
                  "public_subnet": "subnet-0a92708526244606d",
                  "vpc_id": "vpc-018202ea5ed272462"
                },
                "private_subnet_ids": [
                  "subnet-0147447410ca0baab",
                  "subnet-0d1d9f836db0c65b5"
                ],
                "public_subnet_cidr": "10.0.1.0/24",
                "public_subnet_id": "subnet-0a92708526244606d",
                "rds_endpoint": "job-platform-db.cwdec2aoci4i.us-east-1.rds.amazonaws.com:5432",
                "rds_port": 5432,
                "vpc_cidr": "10.0.0.0/16",
                "vpc_id": "vpc-018202ea5ed272462"
              },
              "type": [
                "object",
                {
                  "database_secret_arn": "string",
                  "database_url_template": "string",
                  "db_security_group_id": "string",
                  "kms_key_arn": "string",
                  "persistent_infrastructure_summary": [
                    "object",
                    {
                      "database_endpoint": "string",
                      "database_name": "string",
                      "database_user": "string",
                      "db_security_group": "string",
                      "kms_key": "string",
                      "private_subnets": [
                        "tuple",
                        [
                          "string",
                          "string"
                        ]
                      ],
                      "public_subnet": "string",
                      "vpc_id": "string"
                    }
                  ],
                  "private_subnet_ids": [
                    "tuple",
                    [
                      "string",
                      "string"
                    ]
                  ],
                  "public_subnet_cidr": "string",
                  "public_subnet_id": "string",
                  "rds_endpoint": "string",
                  "rds_port": "number",
                  "vpc_cidr": "string",
                  "vpc_id": "string"
                }
              ]
            },
            "workspace": null
          },
          "sensitive_attributes": [],
          "identity_schema_version": 0
        }
      ]
    },
    {
      "mode": "managed",
      "type": "aws_eip",
      "name": "app_server",
      "provider": "provider[\"registry.terraform.io/hashicorp/aws\"]",
      "instances": [
        {
          "schema_version": 0,
          "attributes": {
            "address": null,
            "allocation_id": "eipalloc-011dc675168719c25",
            "arn": "arn:aws:ec2:us-east-1:421433934085:elastic-ip/eipalloc-011dc675168719c25",
            "associate_with_private_ip": null,
            "association_id": "",
            "carrier_ip": "",
            "customer_owned_ip": "",
            "customer_owned_ipv4_pool": "",
            "domain": "vpc",
            "id": "eipalloc-011dc675168719c25",
            "instance": "",
            "ipam_pool_id": null,
            "network_border_group": "us-east-1",
            "network_interface": "",
            "private_dns": null,
            "private_ip": "",
            "ptr_record": "",
            "public_dns": "ec2-54-172-102-143.compute-1.amazonaws.com",
            "public_ip": "54.172.102.143",
            "public_ipv4_pool": "amazon",
            "tags": {
              "Environment": "dev",
              "Name": "job-platform-eip",
              "Type": "compute"
            },
            "tags_all": {
              "Environment": "dev",
              "Name": "job-platform-eip",
              "Type": "compute"
            },
            "timeouts": null,
            "vpc": true
          },
          "sensitive_attributes": [],
          "identity_schema_version": 0,
          "private": "eyJlMmJmYjczMC1lY2FhLTExZTYtOGY4OC0zNDM2M2JjN2M0YzAiOnsiZGVsZXRlIjoxODAwMDAwMDAwMDAsInJlYWQiOjkwMDAwMDAwMDAwMCwidXBkYXRlIjozMDAwMDAwMDAwMDB9fQ=="
        }
      ]
    },
    {
      "mode": "managed",
      "type": "aws_eip_association",
      "name": "app_server",
      "provider": "provider[\"registry.terraform.io/hashicorp/aws\"]",
      "instances": [
        {
          "schema_version": 0,
          "attributes": {
            "allocation_id": "eipalloc-011dc675168719c25",
            "allow_reassociation": null,
            "id": "eipassoc-0b2daa437446af11d",
            "instance_id": "i-05192112418a26eb8",
            "network_interface_id": "eni-045303592fef756c0",
            "private_ip_address": "10.0.1.35",
            "public_ip": "54.172.102.143"
          },
          "sensitive_attributes": [],
          "identity_schema_version": 0,
          "private": "bnVsbA==",
          "dependencies": [
            "aws_eip.app_server",
            "aws_iam_instance_profile.ec2_profile",
            "aws_iam_role.ec2_role",
            "aws_instance.app_server",
            "aws_key_pair.deployer",
            "aws_security_group.app_sg",
            "data.terraform_remote_state.persistent"
          ]
        }
      ]
    },
    {
      "mode": "managed",
      "type": "aws_iam_instance_profile",
      "name": "ec2_profile",
      "provider": "provider[\"registry.terraform.io/hashicorp/aws\"]",
      "instances": [
        {
          "schema_version": 0,
          "attributes": {
            "arn": "arn:aws:iam::421433934085:instance-profile/job-platform-ec2-profile",
            "create_date": "2025-08-17T23:33:02Z",
            "id": "job-platform-ec2-profile",
            "name": "job-platform-ec2-profile",
            "name_prefix": "",
            "path": "/",
            "role": "job-platform-ec2-role",
            "tags": {
              "Environment": "dev",
              "Name": "job-platform-ec2-profile",
              "Type": "compute"
            },
            "tags_all": {
              "Environment": "dev",
              "Name": "job-platform-ec2-profile",
              "Type": "compute"
            },
            "unique_id": "AIPAWEH3LQECRSBSKEVBP"
          },
          "sensitive_attributes": [],
          "identity_schema_version": 0,
          "private": "bnVsbA==",
          "dependencies": [
            "aws_iam_role.ec2_role"
          ]
        }
      ]
    },
    {
      "mode": "managed",
      "type": "aws_iam_role",
      "name": "ec2_role",
      "provider": "provider[\"registry.terraform.io/hashicorp/aws\"]",
      "instances": [
        {
          "schema_version": 0,
          "attributes": {
            "arn": "arn:aws:iam::421433934085:role/job-platform-ec2-role",
            "assume_role_policy": "{\"Statement\":[{\"Action\":\"sts:AssumeRole\",\"Effect\":\"Allow\",\"Principal\":{\"Service\":\"ec2.amazonaws.com\"}}],\"Version\":\"2012-10-17\"}",
            "create_date": "2025-08-17T23:33:02Z",
            "description": "",
            "force_detach_policies": false,
            "id": "job-platform-ec2-role",
            "inline_policy": [],
            "managed_policy_arns": [],
            "max_session_duration": 3600,
            "name": "job-platform-ec2-role",
            "name_prefix": "",
            "path": "/",
            "permissions_boundary": "",
            "tags": {
              "Environment": "dev",
              "Name": "job-platform-ec2-role",
              "Type": "compute"
            },
            "tags_all": {
              "Environment": "dev",
              "Name": "job-platform-ec2-role",
              "Type": "compute"
            },
            "unique_id": "AROAWEH3LQEC7AHSWS7RO"
          },
          "sensitive_attributes": [],
          "identity_schema_version": 0,
          "private": "bnVsbA=="
        }
      ]
    },
    {
      "mode": "managed",
      "type": "aws_iam_role_policy",
      "name": "ec2_secrets_policy",
      "provider": "provider[\"registry.terraform.io/hashicorp/aws\"]",
      "instances": [
        {
          "schema_version": 0,
          "attributes": {
            "id": "job-platform-ec2-role:job-platform-ec2-secrets-policy",
            "name": "job-platform-ec2-secrets-policy",
            "name_prefix": "",
            "policy": "{\"Version\":\"2012-10-17\",\"Statement\":[{\"Action\":[\"secretsmanager:GetSecretValue\",\"secretsmanager:DescribeSecret\"],\"Effect\":\"Allow\",\"Resource\":\"arn:aws:secretsmanager:us-east-1:421433934085:secret:rds!db-6d0aadfe-7f33-4108-b141-1c0f28d4b244-iPDZmR\"},{\"Action\":[\"kms:Decrypt\"],\"Effect\":\"Allow\",\"Resource\":\"arn:aws:kms:us-east-1:421433934085:key/4b5f4841-c91a-4542-8b27-d9bbe53a976b\"}]}",
            "role": "job-platform-ec2-role"
          },
          "sensitive_attributes": [],
          "identity_schema_version": 0,
          "private": "bnVsbA==",
          "dependencies": [
            "aws_iam_role.ec2_role",
            "data.terraform_remote_state.persistent"
          ]
        }
      ]
    },
    {
      "mode": "managed",
      "type": "aws_instance",
      "name": "app_server",
      "provider": "provider[\"registry.terraform.io/hashicorp/aws\"]",
      "instances": [
        {
          "schema_version": 1,
          "attributes": {
            "ami": "ami-0866a3c8686eaeeba",
            "arn": "arn:aws:ec2:us-east-1:421433934085:instance/i-05192112418a26eb8",
            "associate_public_ip_address": true,
            "availability_zone": "us-east-1a",
            "capacity_reservation_specification": [
              {
                "capacity_reservation_preference": "open",
                "capacity_reservation_target": []
              }
            ],
            "cpu_core_count": 1,
            "cpu_options": [
              {
                "amd_sev_snp": "",
                "core_count": 1,
                "threads_per_core": 2
              }
            ],
            "cpu_threads_per_core": 2,
            "credit_specification": [
              {
                "cpu_credits": "unlimited"
              }
            ],
            "disable_api_stop": false,
            "disable_api_termination": false,
            "ebs_block_device": [],
            "ebs_optimized": false,
            "enable_primary_ipv6": null,
            "enclave_options": [
              {
                "enabled": false
              }
            ],
            "ephemeral_block_device": [],
            "get_password_data": false,
            "hibernation": false,
            "host_id": "",
            "host_resource_group_arn": null,
            "iam_instance_profile": "job-platform-ec2-profile",
            "id": "i-05192112418a26eb8",
            "instance_initiated_shutdown_behavior": "stop",
            "instance_lifecycle": "",
            "instance_market_options": [],
            "instance_state": "running",
            "instance_type": "t3.micro",
            "ipv6_address_count": 0,
            "ipv6_addresses": [],
            "key_name": "job-platform-key",
            "launch_template": [],
            "maintenance_options": [
              {
                "auto_recovery": "default"
              }
            ],
            "metadata_options": [
              {
                "http_endpoint": "enabled",
                "http_protocol_ipv6": "disabled",
                "http_put_response_hop_limit": 2,
                "http_tokens": "required",
                "instance_metadata_tags": "disabled"
              }
            ],
            "monitoring": false,
            "network_interface": [],
            "outpost_arn": "",
            "password_data": "",
            "placement_group": "",
            "placement_partition_number": 0,
            "primary_network_interface_id": "eni-045303592fef756c0",
            "private_dns": "ip-10-0-1-35.ec2.internal",
            "private_dns_name_options": [
              {
                "enable_resource_name_dns_a_record": false,
                "enable_resource_name_dns_aaaa_record": false,
                "hostname_type": "ip-name"
              }
            ],
            "private_ip": "10.0.1.35",
            "public_dns": "ec2-13-222-195-154.compute-1.amazonaws.com",
            "public_ip": "13.222.195.154",
            "root_block_device": [
              {
                "delete_on_termination": true,
                "device_name": "/dev/sda1",
                "encrypted": true,
                "iops": 100,
                "kms_key_id": "arn:aws:kms:us-east-1:421433934085:key/5cb6ed53-1a5d-4054-9d5d-8e23932bfb5b",
                "tags": {
                  "Environment": "dev",
                  "Name": "job-platform-root-volume",
                  "Type": "compute"
                },
                "tags_all": {
                  "Environment": "dev",
                  "Name": "job-platform-root-volume",
                  "Type": "compute"
                },
                "throughput": 0,
                "volume_id": "vol-079d53e02ca119c55",
                "volume_size": 30,
                "volume_type": "gp2"
              }
            ],
            "secondary_private_ips": [],
            "security_groups": [],
            "source_dest_check": true,
            "spot_instance_request_id": "",
            "subnet_id": "subnet-0a92708526244606d",
            "tags": {
              "Environment": "dev",
              "Name": "job-platform-app-server",
              "Type": "compute"
            },
            "tags_all": {
              "Environment": "dev",
              "Name": "job-platform-app-server",
              "Type": "compute"
            },
            "tenancy": "default",
            "timeouts": null,
            "user_data": "4ac321ee3330e2b5c155d906af25317d78aa978f",
            "user_data_base64": null,
            "user_data_replace_on_change": true,
            "volume_tags": null,
            "vpc_security_group_ids": [
              "sg-0cd0e2c9eccfb4964"
            ]
          },
          "sensitive_attributes": [],
          "identity_schema_version": 0,
          "private": "eyJlMmJmYjczMC1lY2FhLTExZTYtOGY4OC0zNDM2M2JjN2M0YzAiOnsiY3JlYXRlIjo2MDAwMDAwMDAwMDAsImRlbGV0ZSI6MTIwMDAwMDAwMDAwMCwicmVhZCI6OTAwMDAwMDAwMDAwLCJ1cGRhdGUiOjYwMDAwMDAwMDAwMH0sInNjaGVtYV92ZXJzaW9uIjoiMSJ9",
          "dependencies": [
            "aws_iam_instance_profile.ec2_profile",
            "aws_iam_role.ec2_role",
            "aws_key_pair.deployer",
            "aws_security_group.app_sg",
            "data.terraform_remote_state.persistent"
          ]
        }
      ]
    },
    {
      "mode": "managed",
      "type": "aws_key_pair",
      "name": "deployer",
      "provider": "provider[\"registry.terraform.io/hashicorp/aws\"]",
      "instances": [
        {
          "schema_version": 1,
          "attributes": {
            "arn": "arn:aws:ec2:us-east-1:421433934085:key-pair/job-platform-key",
            "fingerprint": "puzUgy8o5zQjKl2O2O48jn+Fr7Ouis6SbJAz2uw4Jdg=",
            "id": "job-platform-key",
            "key_name": "job-platform-key",
            "key_name_prefix": "",
            "key_pair_id": "key-027377f156f3aa9ee",
            "key_type": "ed25519",
            "public_key": "ssh-ed25519 AAAAC3NzaC1lZDI1NTE5AAAAINHt9i+pat/yJ6O2BbCWwa9I5nMV1c2+Alnjy1giTD4J xkhaloda@gmail.com",
            "tags": {
              "Environment": "dev",
              "Name": "job-platform-key",
              "Type": "compute"
            },
            "tags_all": {
              "Environment": "dev",
              "Name": "job-platform-key",
              "Type": "compute"
            }
          },
          "sensitive_attributes": [],
          "identity_schema_version": 0,
          "private": "eyJzY2hlbWFfdmVyc2lvbiI6IjEifQ=="
        }
      ]
    },
    {
      "mode": "managed",
      "type": "aws_security_group",
      "name": "app_sg",
      "provider": "provider[\"registry.terraform.io/hashicorp/aws\"]",
      "instances": [
        {
          "schema_version": 1,
          "attributes": {
            "arn": "arn:aws:ec2:us-east-1:421433934085:security-group/sg-0cd0e2c9eccfb4964",
            "description": "Security group for application server",
            "egress": [
              {
                "cidr_blocks": [
                  "0.0.0.0/0"
                ],
                "description": "All outbound",
                "from_port": 0,
                "ipv6_cidr_blocks": [],
                "prefix_list_ids": [],
                "protocol": "-1",
                "security_groups": [],
                "self": false,
                "to_port": 0
              }
            ],
            "id": "sg-0cd0e2c9eccfb4964",
            "ingress": [
              {
                "cidr_blocks": [
                  "0.0.0.0/0"
                ],
                "description": "Backend API",
                "from_port": 8000,
                "ipv6_cidr_blocks": [],
                "prefix_list_ids": [],
                "protocol": "tcp",
                "security_groups": [],
                "self": false,
                "to_port": 8000
              },
              {
                "cidr_blocks": [
                  "0.0.0.0/0"
                ],
                "description": "Frontend Dev",
                "from_port": 3000,
                "ipv6_cidr_blocks": [],
                "prefix_list_ids": [],
                "protocol": "tcp",
                "security_groups": [],
                "self": false,
                "to_port": 3000
              },
              {
                "cidr_blocks": [
                  "0.0.0.0/0"
                ],
                "description": "HTTP",
                "from_port": 80,
                "ipv6_cidr_blocks": [],
                "prefix_list_ids": [],
                "protocol": "tcp",
                "security_groups": [],
                "self": false,
                "to_port": 80
              },
              {
                "cidr_blocks": [
                  "0.0.0.0/0"
                ],
                "description": "HTTPS",
                "from_port": 443,
                "ipv6_cidr_blocks": [],
                "prefix_list_ids": [],
                "protocol": "tcp",
                "security_groups": [],
                "self": false,
                "to_port": 443
              },
              {
                "cidr_blocks": [
                  "0.0.0.0/0"
                ],
                "description": "SSH",
                "from_port": 22,
                "ipv6_cidr_blocks": [],
                "prefix_list_ids": [],
                "protocol": "tcp",
                "security_groups": [],
                "self": false,
                "to_port": 22
              }
            ],
            "name": "job-platform-app-20250817233301969100000001",
            "name_prefix": "job-platform-app-",
            "owner_id": "421433934085",
            "revoke_rules_on_delete": false,
            "tags": {
              "Environment": "dev",
              "Name": "job-platform-app-sg",
              "Type": "compute"
            },
            "tags_all": {
              "Environment": "dev",
              "Name": "job-platform-app-sg",
              "Type": "compute"
            },
            "timeouts": null,
            "vpc_id": "vpc-018202ea5ed272462"
          },
          "sensitive_attributes": [],
          "identity_schema_version": 0,
          "private": "eyJlMmJmYjczMC1lY2FhLTExZTYtOGY4OC0zNDM2M2JjN2M0YzAiOnsiY3JlYXRlIjo2MDAwMDAwMDAwMDAsImRlbGV0ZSI6OTAwMDAwMDAwMDAwfSwic2NoZW1hX3ZlcnNpb24iOiIxIn0=",
          "dependencies": [
            "data.terraform_remote_state.persistent"
          ],
          "create_before_destroy": true
        }
      ]
    }
  ],
  "check_results": null
}
