{
  "version": 4,
  "terraform_version": "1.12.2",
  "serial": 29,
  "lineage": "6cece352-206f-65fd-0908-005c35e88c4e",
  "outputs": {
    "application_urls": {
      "value": {
        "api_docs": "http://44.208.138.222:8000/docs",
        "backend_api": "http://44.208.138.222:8000",
        "frontend_dev": "http://44.208.138.222:3000"
      },
      "type": [
        "object",
        {
          "api_docs": "string",
          "backend_api": "string",
          "frontend_dev": "string"
        }
      ]
    },
    "db_secret_arn": {
      "value": "arn:aws:secretsmanager:us-east-1:421433934085:secret:rds!db-c6305a89-bedf-4865-a4c6-d69f8328c58a-xrqqzv",
      "type": "string",
      "sensitive": true
    },
    "deployment_info": {
      "value": {
        "api_docs_url": "http://44.208.138.222:8000/docs",
        "backend_url": "http://44.208.138.222:8000",
        "db_endpoint": "job-platform-db.cwdec2aoci4i.us-east-1.rds.amazonaws.com:5432",
        "db_secret_arn": "arn:aws:secretsmanager:us-east-1:421433934085:secret:rds!db-c6305a89-bedf-4865-a4c6-d69f8328c58a-xrqqzv",
        "ec2_instance": "i-069962d5ceeba0a02",
        "ec2_ip": "44.208.138.222",
        "frontend_url": "http://44.208.138.222:3000",
        "ssh_command": "ssh -i ~/.ssh/job-platform-key ubuntu@44.208.138.222",
        "ssh_key": "job-platform-key"
      },
      "type": [
        "object",
        {
          "api_docs_url": "string",
          "backend_url": "string",
          "db_endpoint": "string",
          "db_secret_arn": "string",
          "ec2_instance": "string",
          "ec2_ip": "string",
          "frontend_url": "string",
          "ssh_command": "string",
          "ssh_key": "string"
        }
      ]
    },
    "ec2_instance_id": {
      "value": "i-069962d5ceeba0a02",
      "type": "string"
    },
    "ec2_public_dns": {
      "value": "ec2-107-23-38-185.compute-1.amazonaws.com",
      "type": "string"
    },
    "ec2_public_ip": {
      "value": "44.208.138.222",
      "type": "string"
    },
    "rds_endpoint": {
      "value": "job-platform-db.cwdec2aoci4i.us-east-1.rds.amazonaws.com:5432",
      "type": "string"
    },
    "rds_port": {
      "value": 5432,
      "type": "number"
    },
    "ssh_command": {
      "value": "ssh -i ~/.ssh/job-platform-key ubuntu@44.208.138.222",
      "type": "string"
    }
  },
  "resources": [
    {
      "mode": "data",
      "type": "terraform_remote_state",
      "name": "persistent",
      "provider": "provider[\"terraform.io/builtin/terraform\"]",
      "instances": [
        {
          "schema_version": 0,
          "attributes": {
            "backend": "local",
            "config": {
              "value": {
                "path": "../terraform-persistent/terraform.tfstate"
              },
              "type": [
                "object",
                {
                  "path": "string"
                }
              ]
            },
            "defaults": null,
            "outputs": {
              "value": {
                "database_secret_arn": "arn:aws:secretsmanager:us-east-1:421433934085:secret:rds!db-c6305a89-bedf-4865-a4c6-d69f8328c58a-xrqqzv",
                "database_url_template": "postgresql://dbadmin:PLACEHOLDER_PASSWORD@job-platform-db.cwdec2aoci4i.us-east-1.rds.amazonaws.com:5432/jobplatform",
                "db_security_group_id": "sg-078abf01ac7916ba0",
                "kms_key_arn": "arn:aws:kms:us-east-1:421433934085:key/dae10729-9280-4735-82e3-151e31ec4263",
                "persistent_infrastructure_summary": {
                  "database_endpoint": "job-platform-db.cwdec2aoci4i.us-east-1.rds.amazonaws.com:5432",
                  "database_name": "jobplatform",
                  "database_user": "dbadmin",
                  "db_security_group": "sg-078abf01ac7916ba0",
                  "kms_key": "arn:aws:kms:us-east-1:421433934085:key/dae10729-9280-4735-82e3-151e31ec4263",
                  "private_subnets": [
                    "subnet-044e744ddbd321dd1",
                    "subnet-0c73d3d94ff69a953"
                  ],
                  "public_subnet": "subnet-00ab9a46ac77d1399",
                  "vpc_id": "vpc-04fd16727aac486fd"
                },
                "private_subnet_ids": [
                  "subnet-044e744ddbd321dd1",
                  "subnet-0c73d3d94ff69a953"
                ],
                "public_subnet_cidr": "10.0.1.0/24",
                "public_subnet_id": "subnet-00ab9a46ac77d1399",
                "rds_endpoint": "job-platform-db.cwdec2aoci4i.us-east-1.rds.amazonaws.com:5432",
                "rds_port": 5432,
                "vpc_cidr": "10.0.0.0/16",
                "vpc_id": "vpc-04fd16727aac486fd"
              },
              "type": [
                "object",
                {
                  "database_secret_arn": "string",
                  "database_url_template": "string",
                  "db_security_group_id": "string",
                  "kms_key_arn": "string",
                  "persistent_infrastructure_summary": [
                    "object",
                    {
                      "database_endpoint": "string",
                      "database_name": "string",
                      "database_user": "string",
                      "db_security_group": "string",
                      "kms_key": "string",
                      "private_subnets": [
                        "tuple",
                        [
                          "string",
                          "string"
                        ]
                      ],
                      "public_subnet": "string",
                      "vpc_id": "string"
                    }
                  ],
                  "private_subnet_ids": [
                    "tuple",
                    [
                      "string",
                      "string"
                    ]
                  ],
                  "public_subnet_cidr": "string",
                  "public_subnet_id": "string",
                  "rds_endpoint": "string",
                  "rds_port": "number",
                  "vpc_cidr": "string",
                  "vpc_id": "string"
                }
              ]
            },
            "workspace": null
          },
          "sensitive_attributes": [],
          "identity_schema_version": 0
        }
      ]
    },
    {
      "mode": "managed",
      "type": "aws_eip",
      "name": "app_server",
      "provider": "provider[\"registry.terraform.io/hashicorp/aws\"]",
      "instances": [
        {
          "schema_version": 0,
          "attributes": {
            "address": null,
            "allocation_id": "eipalloc-068f7700be57a74b4",
            "arn": "arn:aws:ec2:us-east-1:421433934085:elastic-ip/eipalloc-068f7700be57a74b4",
            "associate_with_private_ip": null,
            "association_id": "",
            "carrier_ip": "",
            "customer_owned_ip": "",
            "customer_owned_ipv4_pool": "",
            "domain": "vpc",
            "id": "eipalloc-068f7700be57a74b4",
            "instance": "",
            "ipam_pool_id": null,
            "network_border_group": "us-east-1",
            "network_interface": "",
            "private_dns": null,
            "private_ip": "",
            "ptr_record": "",
            "public_dns": "ec2-44-208-138-222.compute-1.amazonaws.com",
            "public_ip": "44.208.138.222",
            "public_ipv4_pool": "amazon",
            "tags": {
              "Environment": "dev",
              "Name": "job-platform-eip",
              "Type": "compute"
            },
            "tags_all": {
              "Environment": "dev",
              "Name": "job-platform-eip",
              "Type": "compute"
            },
            "timeouts": null,
            "vpc": true
          },
          "sensitive_attributes": [],
          "identity_schema_version": 0,
          "private": "eyJlMmJmYjczMC1lY2FhLTExZTYtOGY4OC0zNDM2M2JjN2M0YzAiOnsiZGVsZXRlIjoxODAwMDAwMDAwMDAsInJlYWQiOjkwMDAwMDAwMDAwMCwidXBkYXRlIjozMDAwMDAwMDAwMDB9fQ=="
        }
      ]
    },
    {
      "mode": "managed",
      "type": "aws_eip_association",
      "name": "app_server",
      "provider": "provider[\"registry.terraform.io/hashicorp/aws\"]",
      "instances": [
        {
          "schema_version": 0,
          "attributes": {
            "allocation_id": "eipalloc-068f7700be57a74b4",
            "allow_reassociation": null,
            "id": "eipassoc-05de84fbb821febd9",
            "instance_id": "i-069962d5ceeba0a02",
            "network_interface_id": "eni-066ab338f2556c4b3",
            "private_ip_address": "10.0.1.218",
            "public_ip": "44.208.138.222"
          },
          "sensitive_attributes": [],
          "identity_schema_version": 0,
          "private": "bnVsbA==",
          "dependencies": [
            "aws_eip.app_server",
            "aws_iam_instance_profile.ec2_profile",
            "aws_iam_role.ec2_role",
            "aws_instance.app_server",
            "aws_key_pair.deployer",
            "aws_security_group.app_sg",
            "data.terraform_remote_state.persistent"
          ]
        }
      ]
    },
    {
      "mode": "managed",
      "type": "aws_iam_instance_profile",
      "name": "ec2_profile",
      "provider": "provider[\"registry.terraform.io/hashicorp/aws\"]",
      "instances": [
        {
          "schema_version": 0,
          "attributes": {
            "arn": "arn:aws:iam::421433934085:instance-profile/job-platform-ec2-profile",
            "create_date": "2025-08-16T22:12:12Z",
            "id": "job-platform-ec2-profile",
            "name": "job-platform-ec2-profile",
            "name_prefix": "",
            "path": "/",
            "role": "job-platform-ec2-role",
            "tags": {
              "Environment": "dev",
              "Name": "job-platform-ec2-profile",
              "Type": "compute"
            },
            "tags_all": {
              "Environment": "dev",
              "Name": "job-platform-ec2-profile",
              "Type": "compute"
            },
            "unique_id": "AIPAWEH3LQEC5WCFKHG3S"
          },
          "sensitive_attributes": [],
          "identity_schema_version": 0,
          "private": "bnVsbA==",
          "dependencies": [
            "aws_iam_role.ec2_role"
          ]
        }
      ]
    },
    {
      "mode": "managed",
      "type": "aws_iam_role",
      "name": "ec2_role",
      "provider": "provider[\"registry.terraform.io/hashicorp/aws\"]",
      "instances": [
        {
          "schema_version": 0,
          "attributes": {
            "arn": "arn:aws:iam::421433934085:role/job-platform-ec2-role",
            "assume_role_policy": "{\"Statement\":[{\"Action\":\"sts:AssumeRole\",\"Effect\":\"Allow\",\"Principal\":{\"Service\":\"ec2.amazonaws.com\"}}],\"Version\":\"2012-10-17\"}",
            "create_date": "2025-08-16T22:12:11Z",
            "description": "",
            "force_detach_policies": false,
            "id": "job-platform-ec2-role",
            "inline_policy": [],
            "managed_policy_arns": [],
            "max_session_duration": 3600,
            "name": "job-platform-ec2-role",
            "name_prefix": "",
            "path": "/",
            "permissions_boundary": "",
            "tags": {
              "Environment": "dev",
              "Name": "job-platform-ec2-role",
              "Type": "compute"
            },
            "tags_all": {
              "Environment": "dev",
              "Name": "job-platform-ec2-role",
              "Type": "compute"
            },
            "unique_id": "AROAWEH3LQECQSM3QXMTT"
          },
          "sensitive_attributes": [],
          "identity_schema_version": 0,
          "private": "bnVsbA=="
        }
      ]
    },
    {
      "mode": "managed",
      "type": "aws_iam_role_policy",
      "name": "ec2_secrets_policy",
      "provider": "provider[\"registry.terraform.io/hashicorp/aws\"]",
      "instances": [
        {
          "schema_version": 0,
          "attributes": {
            "id": "job-platform-ec2-role:job-platform-ec2-secrets-policy",
            "name": "job-platform-ec2-secrets-policy",
            "name_prefix": "",
            "policy": "{\"Version\":\"2012-10-17\",\"Statement\":[{\"Action\":[\"secretsmanager:GetSecretValue\",\"secretsmanager:DescribeSecret\"],\"Effect\":\"Allow\",\"Resource\":\"arn:aws:secretsmanager:us-east-1:421433934085:secret:rds!db-c6305a89-bedf-4865-a4c6-d69f8328c58a-xrqqzv\"},{\"Action\":[\"kms:Decrypt\"],\"Effect\":\"Allow\",\"Resource\":\"arn:aws:kms:us-east-1:421433934085:key/dae10729-9280-4735-82e3-151e31ec4263\"}]}",
            "role": "job-platform-ec2-role"
          },
          "sensitive_attributes": [],
          "identity_schema_version": 0,
          "private": "bnVsbA==",
          "dependencies": [
            "aws_iam_role.ec2_role",
            "data.terraform_remote_state.persistent"
          ]
        }
      ]
    },
    {
      "mode": "managed",
      "type": "aws_instance",
      "name": "app_server",
      "provider": "provider[\"registry.terraform.io/hashicorp/aws\"]",
      "instances": [
        {
          "schema_version": 1,
          "attributes": {
            "ami": "ami-0866a3c8686eaeeba",
            "arn": "arn:aws:ec2:us-east-1:421433934085:instance/i-069962d5ceeba0a02",
            "associate_public_ip_address": true,
            "availability_zone": "us-east-1a",
            "capacity_reservation_specification": [
              {
                "capacity_reservation_preference": "open",
                "capacity_reservation_target": []
              }
            ],
            "cpu_core_count": 1,
            "cpu_options": [
              {
                "amd_sev_snp": "",
                "core_count": 1,
                "threads_per_core": 2
              }
            ],
            "cpu_threads_per_core": 2,
            "credit_specification": [
              {
                "cpu_credits": "unlimited"
              }
            ],
            "disable_api_stop": false,
            "disable_api_termination": false,
            "ebs_block_device": [],
            "ebs_optimized": false,
            "enable_primary_ipv6": null,
            "enclave_options": [
              {
                "enabled": false
              }
            ],
            "ephemeral_block_device": [],
            "get_password_data": false,
            "hibernation": false,
            "host_id": "",
            "host_resource_group_arn": null,
            "iam_instance_profile": "job-platform-ec2-profile",
            "id": "i-069962d5ceeba0a02",
            "instance_initiated_shutdown_behavior": "stop",
            "instance_lifecycle": "",
            "instance_market_options": [],
            "instance_state": "running",
            "instance_type": "t3.micro",
            "ipv6_address_count": 0,
            "ipv6_addresses": [],
            "key_name": "job-platform-key",
            "launch_template": [],
            "maintenance_options": [
              {
                "auto_recovery": "default"
              }
            ],
            "metadata_options": [
              {
                "http_endpoint": "enabled",
                "http_protocol_ipv6": "disabled",
                "http_put_response_hop_limit": 2,
                "http_tokens": "required",
                "instance_metadata_tags": "disabled"
              }
            ],
            "monitoring": false,
            "network_interface": [],
            "outpost_arn": "",
            "password_data": "",
            "placement_group": "",
            "placement_partition_number": 0,
            "primary_network_interface_id": "eni-066ab338f2556c4b3",
            "private_dns": "ip-10-0-1-218.ec2.internal",
            "private_dns_name_options": [
              {
                "enable_resource_name_dns_a_record": false,
                "enable_resource_name_dns_aaaa_record": false,
                "hostname_type": "ip-name"
              }
            ],
            "private_ip": "10.0.1.218",
            "public_dns": "ec2-107-23-38-185.compute-1.amazonaws.com",
            "public_ip": "107.23.38.185",
            "root_block_device": [
              {
                "delete_on_termination": true,
                "device_name": "/dev/sda1",
                "encrypted": true,
                "iops": 100,
                "kms_key_id": "arn:aws:kms:us-east-1:421433934085:key/5cb6ed53-1a5d-4054-9d5d-8e23932bfb5b",
                "tags": {
                  "Environment": "dev",
                  "Name": "job-platform-root-volume",
                  "Type": "compute"
                },
                "tags_all": {
                  "Environment": "dev",
                  "Name": "job-platform-root-volume",
                  "Type": "compute"
                },
                "throughput": 0,
                "volume_id": "vol-064ae0356c3844ee8",
                "volume_size": 30,
                "volume_type": "gp2"
              }
            ],
            "secondary_private_ips": [],
            "security_groups": [],
            "source_dest_check": true,
            "spot_instance_request_id": "",
            "subnet_id": "subnet-00ab9a46ac77d1399",
            "tags": {
              "Environment": "dev",
              "Name": "job-platform-app-server",
              "Type": "compute"
            },
            "tags_all": {
              "Environment": "dev",
              "Name": "job-platform-app-server",
              "Type": "compute"
            },
            "tenancy": "default",
            "timeouts": null,
            "user_data": "4ac321ee3330e2b5c155d906af25317d78aa978f",
            "user_data_base64": null,
            "user_data_replace_on_change": true,
            "volume_tags": null,
            "vpc_security_group_ids": [
              "sg-01ceab15ee14a4f83"
            ]
          },
          "sensitive_attributes": [],
          "identity_schema_version": 0,
          "private": "eyJlMmJmYjczMC1lY2FhLTExZTYtOGY4OC0zNDM2M2JjN2M0YzAiOnsiY3JlYXRlIjo2MDAwMDAwMDAwMDAsImRlbGV0ZSI6MTIwMDAwMDAwMDAwMCwicmVhZCI6OTAwMDAwMDAwMDAwLCJ1cGRhdGUiOjYwMDAwMDAwMDAwMH0sInNjaGVtYV92ZXJzaW9uIjoiMSJ9",
          "dependencies": [
            "aws_iam_instance_profile.ec2_profile",
            "aws_iam_role.ec2_role",
            "aws_key_pair.deployer",
            "aws_security_group.app_sg",
            "data.terraform_remote_state.persistent"
          ]
        }
      ]
    },
    {
      "mode": "managed",
      "type": "aws_key_pair",
      "name": "deployer",
      "provider": "provider[\"registry.terraform.io/hashicorp/aws\"]",
      "instances": [
        {
          "schema_version": 1,
          "attributes": {
            "arn": "arn:aws:ec2:us-east-1:421433934085:key-pair/job-platform-key",
            "fingerprint": "49:f8:02:51:3c:4d:20:cf:2d:83:d7:4c:9d:90:d4:e5",
            "id": "job-platform-key",
            "key_name": "job-platform-key",
            "key_name_prefix": "",
            "key_pair_id": "key-04ebe524385dc897f",
            "key_type": "rsa",
            "public_key": "ssh-rsa AAAAB3NzaC1yc2EAAAADAQABAAACAQCa44Fm6ckZAERzR5kMxta6VTqrPgV/9y5W8Zx00sEQCAsLNb9VFgUBi/Ylj/1b7tPho8LWOlXKVMoQkDE00cI6kUTpEtXqpAUsdloXHnsIbiAmrs65z4ifSyQMVbgzZukeH9oGNJYukXxg16szpJAZMATyzZTc7gtaMwFf6q/BOhZzm0fn4UhrLLb56/v27s5tw8hpOt2AnBpuRp+07aZPLaMlfDb5+ehGxGuIMn9zCc7vmmr7jFFWoWE1QJH6IyPYuDiY7l6kWQv1tUCvcK5BhxP7tdNS/wrIhFNdU3m0rHCp/is3Latd5YrmlcNyObQlgue+6rQyaHh1SmZNj5216FESN2KvWJzFsoKfcjpJOr3scGS9aZKO0gMaX/MaYi56jEfUh/JrvM/PyC2VCVsu1RGJeeOr/wi+zPlJ/09HX1ljvVWxPgmGjABTxW2NoG0Fpu3VXWDpo8q8KymSNYVPSQD6SifcdE4UhdumoysM0YpWdJ6VkBxIkKnt5SGCFqFY+y38UNBxnmHxJTUHh2TvjI47l4D15CixLuTABUcKs51eIQLLw+eFg77Xyzm6TmhriIYeFSuthThir4R45+qLrSbwGSITrOb0ufjS2U6bp2LT8Njq33OsslBFpJSlJb070NQ88SgUrxtodatxmE4haq4zVMt9saFHpdSGastPgw== khaled@MacBook-Pro.local",
            "tags": {
              "Environment": "dev",
              "Name": "job-platform-key",
              "Type": "compute"
            },
            "tags_all": {
              "Environment": "dev",
              "Name": "job-platform-key",
              "Type": "compute"
            }
          },
          "sensitive_attributes": [],
          "identity_schema_version": 0,
          "private": "eyJzY2hlbWFfdmVyc2lvbiI6IjEifQ=="
        }
      ]
    },
    {
      "mode": "managed",
      "type": "aws_security_group",
      "name": "app_sg",
      "provider": "provider[\"registry.terraform.io/hashicorp/aws\"]",
      "instances": [
        {
          "schema_version": 1,
          "attributes": {
            "arn": "arn:aws:ec2:us-east-1:421433934085:security-group/sg-01ceab15ee14a4f83",
            "description": "Security group for application server",
            "egress": [
              {
                "cidr_blocks": [
                  "0.0.0.0/0"
                ],
                "description": "All outbound",
                "from_port": 0,
                "ipv6_cidr_blocks": [],
                "prefix_list_ids": [],
                "protocol": "-1",
                "security_groups": [],
                "self": false,
                "to_port": 0
              }
            ],
            "id": "sg-01ceab15ee14a4f83",
            "ingress": [
              {
                "cidr_blocks": [
                  "0.0.0.0/0"
                ],
                "description": "Backend API",
                "from_port": 8000,
                "ipv6_cidr_blocks": [],
                "prefix_list_ids": [],
                "protocol": "tcp",
                "security_groups": [],
                "self": false,
                "to_port": 8000
              },
              {
                "cidr_blocks": [
                  "0.0.0.0/0"
                ],
                "description": "Frontend Dev",
                "from_port": 3000,
                "ipv6_cidr_blocks": [],
                "prefix_list_ids": [],
                "protocol": "tcp",
                "security_groups": [],
                "self": false,
                "to_port": 3000
              },
              {
                "cidr_blocks": [
                  "0.0.0.0/0"
                ],
                "description": "HTTP",
                "from_port": 80,
                "ipv6_cidr_blocks": [],
                "prefix_list_ids": [],
                "protocol": "tcp",
                "security_groups": [],
                "self": false,
                "to_port": 80
              },
              {
                "cidr_blocks": [
                  "0.0.0.0/0"
                ],
                "description": "HTTPS",
                "from_port": 443,
                "ipv6_cidr_blocks": [],
                "prefix_list_ids": [],
                "protocol": "tcp",
                "security_groups": [],
                "self": false,
                "to_port": 443
              },
              {
                "cidr_blocks": [
                  "0.0.0.0/0"
                ],
                "description": "SSH",
                "from_port": 22,
                "ipv6_cidr_blocks": [],
                "prefix_list_ids": [],
                "protocol": "tcp",
                "security_groups": [],
                "self": false,
                "to_port": 22
              }
            ],
            "name": "job-platform-app-20250816221211579000000001",
            "name_prefix": "job-platform-app-",
            "owner_id": "421433934085",
            "revoke_rules_on_delete": false,
            "tags": {
              "Environment": "dev",
              "Name": "job-platform-app-sg",
              "Type": "compute"
            },
            "tags_all": {
              "Environment": "dev",
              "Name": "job-platform-app-sg",
              "Type": "compute"
            },
            "timeouts": null,
            "vpc_id": "vpc-04fd16727aac486fd"
          },
          "sensitive_attributes": [],
          "identity_schema_version": 0,
          "private": "eyJlMmJmYjczMC1lY2FhLTExZTYtOGY4OC0zNDM2M2JjN2M0YzAiOnsiY3JlYXRlIjo2MDAwMDAwMDAwMDAsImRlbGV0ZSI6OTAwMDAwMDAwMDAwfSwic2NoZW1hX3ZlcnNpb24iOiIxIn0=",
          "dependencies": [
            "data.terraform_remote_state.persistent"
          ],
          "create_before_destroy": true
        }
      ]
    }
  ],
  "check_results": null
}
